
Microsoft Visual Studio Solution File, Format Version 12.00
# Visual Studio 2013
VisualStudioVersion = 12.0.30501.0
MinimumVisualStudioVersion = 10.0.40219.1
Project("{2150E333-8FDC-42A3-9474-1A3956D46DE8}") = "Functions", "Functions", "{A061BD2E-9458-470F-B4F6-B8C6DFBA1203}"
EndProject
Project("{2150E333-8FDC-42A3-9474-1A3956D46DE8}") = "Geographic", "Geographic", "{EAD5513D-8402-4419-B937-B33F9E702C7F}"
EndProject
Project("{8BC9CEB8-8B4A-11D0-8D11-00A0C91BC942}") = "Coordinate", "Functions\Geographic\Coordinate\Coordinate.vcxproj", "{16C47C06-05D8-4DB9-A453-CBC5533F6032}"
EndProject
Global
	GlobalSection(SolutionConfigurationPlatforms) = preSolution
		Debug|x64 = Debug|x64
		Release|x64 = Release|x64
	EndGlobalSection
	GlobalSection(ProjectConfigurationPlatforms) = postSolution
		{16C47C06-05D8-4DB9-A453-CBC5533F6032}.Debug|x64.ActiveCfg = Debug|x64
		{16C47C06-05D8-4DB9-A453-CBC5533F6032}.Debug|x64.Build.0 = Debug|x64
		{16C47C06-05D8-4DB9-A453-CBC5533F6032}.Release|x64.ActiveCfg = Release|x64
		{16C47C06-05D8-4DB9-A453-CBC5533F6032}.Release|x64.Build.0 = Release|x64
	EndGlobalSection
	GlobalSection(SolutionProperties) = preSolution
		HideSolutionNode = FALSE
	EndGlobalSection
	GlobalSection(NestedProjects) = preSolution
		{EAD5513D-8402-4419-B937-B33F9E702C7F} = {A061BD2E-9458-470F-B4F6-B8C6DFBA1203}
		{16C47C06-05D8-4DB9-A453-CBC5533F6032} = {EAD5513D-8402-4419-B937-B33F9E702C7F}
	EndGlobalSection
EndGlobal
